{
  "name": "my-yt",
  "version": "1.0.0",
  "lockfileVersion": 3,
  "requires": true,
  "packages": {
    "": {
      "name": "my-yt",
      "version": "1.0.0",
      "license": "ISC",
      "dependencies": {
        "nano-spawn": "^0.2.0"
      }
    },
    "node_modules/nano-spawn": {
      "version": "0.2.0",
      "resolved": "https://registry.npmjs.org/nano-spawn/-/nano-spawn-0.2.0.tgz",
      "integrity": "sha512-IjZBIOLxSlxu+m/kacg9JuP93oUpRemeV0mEuCy64nzBKKIL9m0aLJHtVPcVuzJDHFhElzjpwbW4a3tMzgKoZQ==",
      "license": "MIT",
      "engines": {
        "node": ">=18.19"
      },
      "funding": {
        "url": "https://github.com/sindresorhus/nano-spawn?sponsor=1"
      }
    }
  }
}
